
Microsoft Visual Studio Solution File, Format Version 12.00
# Visual Studio Version 17
VisualStudioVersion = 17.7.34024.191
MinimumVisualStudioVersion = 10.0.40219.1
Project("{FAE04EC0-301F-11D3-BF4B-00C04F79EFBC}") = "algorithm_exercises", "algorithm_exercises.csproj", "{FB612A36-8E5C-4F5C-86CA-A01EF1905A69}"
EndProject
Global
	GlobalSection(SolutionConfigurationPlatforms) = preSolution
		Debug|Any CPU = Debug|Any CPU
		Release|Any CPU = Release|Any CPU
	EndGlobalSection
	GlobalSection(ProjectConfigurationPlatforms) = postSolution
		{FB612A36-8E5C-4F5C-86CA-A01EF1905A69}.Debug|Any CPU.ActiveCfg = Debug|Any CPU
		{FB612A36-8E5C-4F5C-86CA-A01EF1905A69}.Debug|Any CPU.Build.0 = Debug|Any CPU
		{FB612A36-8E5C-4F5C-86CA-A01EF1905A69}.Release|Any CPU.ActiveCfg = Release|Any CPU
		{FB612A36-8E5C-4F5C-86CA-A01EF1905A69}.Release|Any CPU.Build.0 = Release|Any CPU
	EndGlobalSection
	GlobalSection(SolutionProperties) = preSolution
		HideSolutionNode = FALSE
	EndGlobalSection
	GlobalSection(ExtensibilityGlobals) = postSolution
		SolutionGuid = {A64102A2-B985-4C91-89EB-14A359A7CB51}
	EndGlobalSection
EndGlobal
